// !$*UTF8*$!
{
	archiveVersion = 1;
	classes = {
	};
	objectVersion = 46;
	objects = {

/* Begin PBXBuildFile section */
		9A320A301C6387EC001A57A1 /* TeamsTableViewController.swift in Sources */ = {isa = PBXBuildFile; fileRef = 9A320A2F1C6387EC001A57A1 /* TeamsTableViewController.swift */; };
		9A320A321C638850001A57A1 /* TeamTableViewCell.swift in Sources */ = {isa = PBXBuildFile; fileRef = 9A320A311C638850001A57A1 /* TeamTableViewCell.swift */; };
		9A320A341C63BF20001A57A1 /* CountriesViewController.swift in Sources */ = {isa = PBXBuildFile; fileRef = 9A320A331C63BF20001A57A1 /* CountriesViewController.swift */; };
		9A320A361C63C28C001A57A1 /* CountryButton.swift in Sources */ = {isa = PBXBuildFile; fileRef = 9A320A351C63C28C001A57A1 /* CountryButton.swift */; };
		ADEC3BF2B35B34D736BF8E11 /* Pods_FootballApp.framework in Frameworks */ = {isa = PBXBuildFile; fileRef = D05A86947E84E38B9507AAAC /* Pods_FootballApp.framework */; };
		F16AB0C51C62358700D5D7E6 /* AppDelegate.swift in Sources */ = {isa = PBXBuildFile; fileRef = F16AB0C41C62358700D5D7E6 /* AppDelegate.swift */; };
		F16AB0C71C62358700D5D7E6 /* ViewController.swift in Sources */ = {isa = PBXBuildFile; fileRef = F16AB0C61C62358700D5D7E6 /* ViewController.swift */; };
		F16AB0CA1C62358700D5D7E6 /* Main.storyboard in Resources */ = {isa = PBXBuildFile; fileRef = F16AB0C81C62358700D5D7E6 /* Main.storyboard */; };
		F16AB0CC1C62358700D5D7E6 /* Assets.xcassets in Resources */ = {isa = PBXBuildFile; fileRef = F16AB0CB1C62358700D5D7E6 /* Assets.xcassets */; };
		F16AB0CF1C62358700D5D7E6 /* LaunchScreen.storyboard in Resources */ = {isa = PBXBuildFile; fileRef = F16AB0CD1C62358700D5D7E6 /* LaunchScreen.storyboard */; };
		F16AB0D71C6244C700D5D7E6 /* InitialViewController.swift in Sources */ = {isa = PBXBuildFile; fileRef = F16AB0D61C6244C700D5D7E6 /* InitialViewController.swift */; };
		F16AB0D91C62493B00D5D7E6 /* LoginViewController.swift in Sources */ = {isa = PBXBuildFile; fileRef = F16AB0D81C62493B00D5D7E6 /* LoginViewController.swift */; };
		F16AB0DB1C62494B00D5D7E6 /* RegisterViewController.swift in Sources */ = {isa = PBXBuildFile; fileRef = F16AB0DA1C62494B00D5D7E6 /* RegisterViewController.swift */; };
		F16AB0E31C6353A600D5D7E6 /* FBSDKCoreKit.framework in Frameworks */ = {isa = PBXBuildFile; fileRef = F16AB0E11C6353A600D5D7E6 /* FBSDKCoreKit.framework */; };
		F16AB0E41C6353A600D5D7E6 /* FBSDKLoginKit.framework in Frameworks */ = {isa = PBXBuildFile; fileRef = F16AB0E21C6353A600D5D7E6 /* FBSDKLoginKit.framework */; };
/* End PBXBuildFile section */

/* Begin PBXFileReference section */
		0345BBA62458A57E591637F9 /* Pods-FootballApp.debug.xcconfig */ = {isa = PBXFileReference; includeInIndex = 1; lastKnownFileType = text.xcconfig; name = "Pods-FootballApp.debug.xcconfig"; path = "Pods/Target Support Files/Pods-FootballApp/Pods-FootballApp.debug.xcconfig"; sourceTree = "<group>"; };
		7AB588C7C443D90649977D52 /* Pods-FootballApp.release.xcconfig */ = {isa = PBXFileReference; includeInIndex = 1; lastKnownFileType = text.xcconfig; name = "Pods-FootballApp.release.xcconfig"; path = "Pods/Target Support Files/Pods-FootballApp/Pods-FootballApp.release.xcconfig"; sourceTree = "<group>"; };
		9A320A2F1C6387EC001A57A1 /* TeamsTableViewController.swift */ = {isa = PBXFileReference; fileEncoding = 4; lastKnownFileType = sourcecode.swift; path = TeamsTableViewController.swift; sourceTree = "<group>"; };
		9A320A311C638850001A57A1 /* TeamTableViewCell.swift */ = {isa = PBXFileReference; fileEncoding = 4; lastKnownFileType = sourcecode.swift; path = TeamTableViewCell.swift; sourceTree = "<group>"; };
		9A320A331C63BF20001A57A1 /* CountriesViewController.swift */ = {isa = PBXFileReference; fileEncoding = 4; lastKnownFileType = sourcecode.swift; path = CountriesViewController.swift; sourceTree = "<group>"; };
		9A320A351C63C28C001A57A1 /* CountryButton.swift */ = {isa = PBXFileReference; fileEncoding = 4; lastKnownFileType = sourcecode.swift; path = CountryButton.swift; sourceTree = "<group>"; };
		D05A86947E84E38B9507AAAC /* Pods_FootballApp.framework */ = {isa = PBXFileReference; explicitFileType = wrapper.framework; includeInIndex = 0; path = Pods_FootballApp.framework; sourceTree = BUILT_PRODUCTS_DIR; };
		F16AB0C11C62358700D5D7E6 /* FootballApp.app */ = {isa = PBXFileReference; explicitFileType = wrapper.application; includeInIndex = 0; path = FootballApp.app; sourceTree = BUILT_PRODUCTS_DIR; };
		F16AB0C41C62358700D5D7E6 /* AppDelegate.swift */ = {isa = PBXFileReference; lastKnownFileType = sourcecode.swift; path = AppDelegate.swift; sourceTree = "<group>"; };
		F16AB0C61C62358700D5D7E6 /* ViewController.swift */ = {isa = PBXFileReference; lastKnownFileType = sourcecode.swift; path = ViewController.swift; sourceTree = "<group>"; };
		F16AB0C91C62358700D5D7E6 /* Base */ = {isa = PBXFileReference; lastKnownFileType = file.storyboard; name = Base; path = Base.lproj/Main.storyboard; sourceTree = "<group>"; };
		F16AB0CB1C62358700D5D7E6 /* Assets.xcassets */ = {isa = PBXFileReference; lastKnownFileType = folder.assetcatalog; path = Assets.xcassets; sourceTree = "<group>"; };
		F16AB0CE1C62358700D5D7E6 /* Base */ = {isa = PBXFileReference; lastKnownFileType = file.storyboard; name = Base; path = Base.lproj/LaunchScreen.storyboard; sourceTree = "<group>"; };
		F16AB0D01C62358700D5D7E6 /* Info.plist */ = {isa = PBXFileReference; lastKnownFileType = text.plist.xml; path = Info.plist; sourceTree = "<group>"; };
		F16AB0D61C6244C700D5D7E6 /* InitialViewController.swift */ = {isa = PBXFileReference; fileEncoding = 4; lastKnownFileType = sourcecode.swift; path = InitialViewController.swift; sourceTree = "<group>"; };
		F16AB0D81C62493B00D5D7E6 /* LoginViewController.swift */ = {isa = PBXFileReference; fileEncoding = 4; lastKnownFileType = sourcecode.swift; path = LoginViewController.swift; sourceTree = "<group>"; };
		F16AB0DA1C62494B00D5D7E6 /* RegisterViewController.swift */ = {isa = PBXFileReference; fileEncoding = 4; lastKnownFileType = sourcecode.swift; path = RegisterViewController.swift; sourceTree = "<group>"; };
		F16AB0E11C6353A600D5D7E6 /* FBSDKCoreKit.framework */ = {isa = PBXFileReference; lastKnownFileType = wrapper.framework; path = FBSDKCoreKit.framework; sourceTree = "<group>"; };
		F16AB0E21C6353A600D5D7E6 /* FBSDKLoginKit.framework */ = {isa = PBXFileReference; lastKnownFileType = wrapper.framework; path = FBSDKLoginKit.framework; sourceTree = "<group>"; };
/* End PBXFileReference section */

/* Begin PBXFrameworksBuildPhase section */
		F16AB0BE1C62358700D5D7E6 /* Frameworks */ = {
			isa = PBXFrameworksBuildPhase;
			buildActionMask = 2147483647;
			files = (
				F16AB0E41C6353A600D5D7E6 /* FBSDKLoginKit.framework in Frameworks */,
				F16AB0E31C6353A600D5D7E6 /* FBSDKCoreKit.framework in Frameworks */,
				ADEC3BF2B35B34D736BF8E11 /* Pods_FootballApp.framework in Frameworks */,
			);
			runOnlyForDeploymentPostprocessing = 0;
		};
/* End PBXFrameworksBuildPhase section */

/* Begin PBXGroup section */
		5F873E78172681F8999644F7 /* Pods */ = {
			isa = PBXGroup;
			children = (
				0345BBA62458A57E591637F9 /* Pods-FootballApp.debug.xcconfig */,
				7AB588C7C443D90649977D52 /* Pods-FootballApp.release.xcconfig */,
			);
			name = Pods;
			sourceTree = "<group>";
		};
		F16AB0B81C62358700D5D7E6 = {
			isa = PBXGroup;
			children = (
				F16AB0C31C62358700D5D7E6 /* FootballApp */,
				F16AB0C21C62358700D5D7E6 /* Products */,
				5F873E78172681F8999644F7 /* Pods */,
				F53251F561BE1699B25E096F /* Frameworks */,
			);
			sourceTree = "<group>";
		};
		F16AB0C21C62358700D5D7E6 /* Products */ = {
			isa = PBXGroup;
			children = (
				F16AB0C11C62358700D5D7E6 /* FootballApp.app */,
			);
			name = Products;
			sourceTree = "<group>";
		};
		F16AB0C31C62358700D5D7E6 /* FootballApp */ = {
			isa = PBXGroup;
			children = (
				F16AB0E01C63538C00D5D7E6 /* Frameworks */,
				F16AB0C41C62358700D5D7E6 /* AppDelegate.swift */,
				F16AB0C61C62358700D5D7E6 /* ViewController.swift */,
				F16AB0D61C6244C700D5D7E6 /* InitialViewController.swift */,
				F16AB0DA1C62494B00D5D7E6 /* RegisterViewController.swift */,
				F16AB0D81C62493B00D5D7E6 /* LoginViewController.swift */,
				9A320A2F1C6387EC001A57A1 /* TeamsTableViewController.swift */,
				9A320A311C638850001A57A1 /* TeamTableViewCell.swift */,
				9A320A331C63BF20001A57A1 /* CountriesViewController.swift */,
				9A320A351C63C28C001A57A1 /* CountryButton.swift */,
				F16AB0C81C62358700D5D7E6 /* Main.storyboard */,
				F16AB0CB1C62358700D5D7E6 /* Assets.xcassets */,
				F16AB0CD1C62358700D5D7E6 /* LaunchScreen.storyboard */,
				F16AB0D01C62358700D5D7E6 /* Info.plist */,
			);
			path = FootballApp;
			sourceTree = "<group>";
		};
		F16AB0E01C63538C00D5D7E6 /* Frameworks */ = {
			isa = PBXGroup;
			children = (
				F16AB0E11C6353A600D5D7E6 /* FBSDKCoreKit.framework */,
				F16AB0E21C6353A600D5D7E6 /* FBSDKLoginKit.framework */,
			);
			name = Frameworks;
			sourceTree = "<group>";
		};
		F53251F561BE1699B25E096F /* Frameworks */ = {
			isa = PBXGroup;
			children = (
				D05A86947E84E38B9507AAAC /* Pods_FootballApp.framework */,
			);
			name = Frameworks;
			sourceTree = "<group>";
		};
/* End PBXGroup section */

/* Begin PBXNativeTarget section */
		F16AB0C01C62358700D5D7E6 /* FootballApp */ = {
			isa = PBXNativeTarget;
			buildConfigurationList = F16AB0D31C62358700D5D7E6 /* Build configuration list for PBXNativeTarget "FootballApp" */;
			buildPhases = (
				CC5F116EA772CD7B920BE9C0 /* Check Pods Manifest.lock */,
				F16AB0BD1C62358700D5D7E6 /* Sources */,
				F16AB0BE1C62358700D5D7E6 /* Frameworks */,
				F16AB0BF1C62358700D5D7E6 /* Resources */,
				80D1AE3F5EF15EF86382AF70 /* Embed Pods Frameworks */,
				A3016EFBA5505A454C18A797 /* Copy Pods Resources */,
			);
			buildRules = (
			);
			dependencies = (
			);
			name = FootballApp;
			productName = FootballApp;
			productReference = F16AB0C11C62358700D5D7E6 /* FootballApp.app */;
			productType = "com.apple.product-type.application";
		};
/* End PBXNativeTarget section */

/* Begin PBXProject section */
		F16AB0B91C62358700D5D7E6 /* Project object */ = {
			isa = PBXProject;
			attributes = {
				LastSwiftUpdateCheck = 0720;
				LastUpgradeCheck = 0720;
				ORGANIZATIONNAME = Apps4Gaps;
				TargetAttributes = {
					F16AB0C01C62358700D5D7E6 = {
						CreatedOnToolsVersion = 7.2;
					};
				};
			};
			buildConfigurationList = F16AB0BC1C62358700D5D7E6 /* Build configuration list for PBXProject "FootballApp" */;
			compatibilityVersion = "Xcode 3.2";
			developmentRegion = English;
			hasScannedForEncodings = 0;
			knownRegions = (
				en,
				Base,
			);
			mainGroup = F16AB0B81C62358700D5D7E6;
			productRefGroup = F16AB0C21C62358700D5D7E6 /* Products */;
			projectDirPath = "";
			projectRoot = "";
			targets = (
				F16AB0C01C62358700D5D7E6 /* FootballApp */,
			);
		};
/* End PBXProject section */

/* Begin PBXResourcesBuildPhase section */
		F16AB0BF1C62358700D5D7E6 /* Resources */ = {
			isa = PBXResourcesBuildPhase;
			buildActionMask = 2147483647;
			files = (
				F16AB0CF1C62358700D5D7E6 /* LaunchScreen.storyboard in Resources */,
				F16AB0CC1C62358700D5D7E6 /* Assets.xcassets in Resources */,
				F16AB0CA1C62358700D5D7E6 /* Main.storyboard in Resources */,
			);
			runOnlyForDeploymentPostprocessing = 0;
		};
/* End PBXResourcesBuildPhase section */

/* Begin PBXShellScriptBuildPhase section */
		80D1AE3F5EF15EF86382AF70 /* Embed Pods Frameworks */ = {
			isa = PBXShellScriptBuildPhase;
			buildActionMask = 2147483647;
			files = (
			);
			inputPaths = (
			);
			name = "Embed Pods Frameworks";
			outputPaths = (
			);
			runOnlyForDeploymentPostprocessing = 0;
			shellPath = /bin/sh;
			shellScript = "\"${SRCROOT}/Pods/Target Support Files/Pods-FootballApp/Pods-FootballApp-frameworks.sh\"\n";
			showEnvVarsInLog = 0;
		};
		A3016EFBA5505A454C18A797 /* Copy Pods Resources */ = {
			isa = PBXShellScriptBuildPhase;
			buildActionMask = 2147483647;
			files = (
			);
			inputPaths = (
			);
			name = "Copy Pods Resources";
			outputPaths = (
			);
			runOnlyForDeploymentPostprocessing = 0;
			shellPath = /bin/sh;
			shellScript = "\"${SRCROOT}/Pods/Target Support Files/Pods-FootballApp/Pods-FootballApp-resources.sh\"\n";
			showEnvVarsInLog = 0;
		};
		CC5F116EA772CD7B920BE9C0 /* Check Pods Manifest.lock */ = {
			isa = PBXShellScriptBuildPhase;
			buildActionMask = 2147483647;
			files = (
			);
			inputPaths = (
			);
			name = "Check Pods Manifest.lock";
			outputPaths = (
			);
			runOnlyForDeploymentPostprocessing = 0;
			shellPath = /bin/sh;
			shellScript = "diff \"${PODS_ROOT}/../Podfile.lock\" \"${PODS_ROOT}/Manifest.lock\" > /dev/null\nif [[ $? != 0 ]] ; then\n    cat << EOM\nerror: The sandbox is not in sync with the Podfile.lock. Run 'pod install' or update your CocoaPods installation.\nEOM\n    exit 1\nfi\n";
			showEnvVarsInLog = 0;
		};
/* End PBXShellScriptBuildPhase section */

/* Begin PBXSourcesBuildPhase section */
		F16AB0BD1C62358700D5D7E6 /* Sources */ = {
			isa = PBXSourcesBuildPhase;
			buildActionMask = 2147483647;
			files = (
				F16AB0D91C62493B00D5D7E6 /* LoginViewController.swift in Sources */,
				F16AB0DB1C62494B00D5D7E6 /* RegisterViewController.swift in Sources */,
				F16AB0D71C6244C700D5D7E6 /* InitialViewController.swift in Sources */,
				9A320A341C63BF20001A57A1 /* CountriesViewController.swift in Sources */,
				F16AB0C71C62358700D5D7E6 /* ViewController.swift in Sources */,
				9A320A361C63C28C001A57A1 /* CountryButton.swift in Sources */,
				9A320A301C6387EC001A57A1 /* TeamsTableViewController.swift in Sources */,
				9A320A321C638850001A57A1 /* TeamTableViewCell.swift in Sources */,
				F16AB0C51C62358700D5D7E6 /* AppDelegate.swift in Sources */,
			);
			runOnlyForDeploymentPostprocessing = 0;
		};
/* End PBXSourcesBuildPhase section */

/* Begin PBXVariantGroup section */
		F16AB0C81C62358700D5D7E6 /* Main.storyboard */ = {
			isa = PBXVariantGroup;
			children = (
				F16AB0C91C62358700D5D7E6 /* Base */,
			);
			name = Main.storyboard;
			sourceTree = "<group>";
		};
		F16AB0CD1C62358700D5D7E6 /* LaunchScreen.storyboard */ = {
			isa = PBXVariantGroup;
			children = (
				F16AB0CE1C62358700D5D7E6 /* Base */,
			);
			name = LaunchScreen.storyboard;
			sourceTree = "<group>";
		};
/* End PBXVariantGroup section */

/* Begin XCBuildConfiguration section */
		F16AB0D11C62358700D5D7E6 /* Debug */ = {
			isa = XCBuildConfiguration;
			buildSettings = {
				ALWAYS_SEARCH_USER_PATHS = NO;
				CLANG_CXX_LANGUAGE_STANDARD = "gnu++0x";
				CLANG_CXX_LIBRARY = "libc++";
				CLANG_ENABLE_MODULES = YES;
				CLANG_ENABLE_OBJC_ARC = YES;
				CLANG_WARN_BOOL_CONVERSION = YES;
				CLANG_WARN_CONSTANT_CONVERSION = YES;
				CLANG_WARN_DIRECT_OBJC_ISA_USAGE = YES_ERROR;
				CLANG_WARN_EMPTY_BODY = YES;
				CLANG_WARN_ENUM_CONVERSION = YES;
				CLANG_WARN_INT_CONVERSION = YES;
				CLANG_WARN_OBJC_ROOT_CLASS = YES_ERROR;
				CLANG_WARN_UNREACHABLE_CODE = YES;
				CLANG_WARN__DUPLICATE_METHOD_MATCH = YES;
				"CODE_SIGN_IDENTITY[sdk=iphoneos*]" = "iPhone Developer";
				COPY_PHASE_STRIP = NO;
				DEBUG_INFORMATION_FORMAT = dwarf;
				ENABLE_STRICT_OBJC_MSGSEND = YES;
				ENABLE_TESTABILITY = YES;
				GCC_C_LANGUAGE_STANDARD = gnu99;
				GCC_DYNAMIC_NO_PIC = NO;
				GCC_NO_COMMON_BLOCKS = YES;
				GCC_OPTIMIZATION_LEVEL = 0;
				GCC_PREPROCESSOR_DEFINITIONS = (
					"DEBUG=1",
					"$(inherited)",
				);
				GCC_WARN_64_TO_32_BIT_CONVERSION = YES;
				GCC_WARN_ABOUT_RETURN_TYPE = YES_ERROR;
				GCC_WARN_UNDECLARED_SELECTOR = YES;
				GCC_WARN_UNINITIALIZED_AUTOS = YES_AGGRESSIVE;
				GCC_WARN_UNUSED_FUNCTION = YES;
				GCC_WARN_UNUSED_VARIABLE = YES;
				IPHONEOS_DEPLOYMENT_TARGET = 9.2;
				MTL_ENABLE_DEBUG_INFO = YES;
				ONLY_ACTIVE_ARCH = YES;
				SDKROOT = iphoneos;
				SWIFT_OPTIMIZATION_LEVEL = "-Onone";
			};
			name = Debug;
		};
		F16AB0D21C62358700D5D7E6 /* Release */ = {
			isa = XCBuildConfiguration;
			buildSettings = {
				ALWAYS_SEARCH_USER_PATHS = NO;
				CLANG_CXX_LANGUAGE_STANDARD = "gnu++0x";
				CLANG_CXX_LIBRARY = "libc++";
				CLANG_ENABLE_MODULES = YES;
				CLANG_ENABLE_OBJC_ARC = YES;
				CLANG_WARN_BOOL_CONVERSION = YES;
				CLANG_WARN_CONSTANT_CONVERSION = YES;
				CLANG_WARN_DIRECT_OBJC_ISA_USAGE = YES_ERROR;
				CLANG_WARN_EMPTY_BODY = YES;
				CLANG_WARN_ENUM_CONVERSION = YES;
				CLANG_WARN_INT_CONVERSION = YES;
				CLANG_WARN_OBJC_ROOT_CLASS = YES_ERROR;
				CLANG_WARN_UNREACHABLE_CODE = YES;
				CLANG_WARN__DUPLICATE_METHOD_MATCH = YES;
				"CODE_SIGN_IDENTITY[sdk=iphoneos*]" = "iPhone Developer";
				COPY_PHASE_STRIP = NO;
				DEBUG_INFORMATION_FORMAT = "dwarf-with-dsym";
				ENABLE_NS_ASSERTIONS = NO;
				ENABLE_STRICT_OBJC_MSGSEND = YES;
				GCC_C_LANGUAGE_STANDARD = gnu99;
				GCC_NO_COMMON_BLOCKS = YES;
				GCC_WARN_64_TO_32_BIT_CONVERSION = YES;
				GCC_WARN_ABOUT_RETURN_TYPE = YES_ERROR;
				GCC_WARN_UNDECLARED_SELECTOR = YES;
				GCC_WARN_UNINITIALIZED_AUTOS = YES_AGGRESSIVE;
				GCC_WARN_UNUSED_FUNCTION = YES;
				GCC_WARN_UNUSED_VARIABLE = YES;
				IPHONEOS_DEPLOYMENT_TARGET = 9.2;
				MTL_ENABLE_DEBUG_INFO = NO;
				SDKROOT = iphoneos;
				VALIDATE_PRODUCT = YES;
			};
			name = Release;
		};
		F16AB0D41C62358700D5D7E6 /* Debug */ = {
			isa = XCBuildConfiguration;
			baseConfigurationReference = 0345BBA62458A57E591637F9 /* Pods-FootballApp.debug.xcconfig */;
			buildSettings = {
				ASSETCATALOG_COMPILER_APPICON_NAME = AppIcon;
				FRAMEWORK_SEARCH_PATHS = "$(PROJECT_DIR)/FootballApp";
				INFOPLIST_FILE = FootballApp/Info.plist;
				LD_RUNPATH_SEARCH_PATHS = "$(inherited) @executable_path/Frameworks";
				PRODUCT_BUNDLE_IDENTIFIER = com.apps4gaps.FootballApp;
				PRODUCT_NAME = "$(TARGET_NAME)";
			};
			name = Debug;
		};
		F16AB0D51C62358700D5D7E6 /* Release */ = {
			isa = XCBuildConfiguration;
			baseConfigurationReference = 7AB588C7C443D90649977D52 /* Pods-FootballApp.release.xcconfig */;
			buildSettings = {
				ASSETCATALOG_COMPILER_APPICON_NAME = AppIcon;
				FRAMEWORK_SEARCH_PATHS = "$(PROJECT_DIR)/FootballApp";
				INFOPLIST_FILE = FootballApp/Info.plist;
				LD_RUNPATH_SEARCH_PATHS = "$(inherited) @executable_path/Frameworks";
				PRODUCT_BUNDLE_IDENTIFIER = com.apps4gaps.FootballApp;
				PRODUCT_NAME = "$(TARGET_NAME)";
			};
			name = Release;
		};
/* End XCBuildConfiguration section */

/* Begin XCConfigurationList section */
		F16AB0BC1C62358700D5D7E6 /* Build configuration list for PBXProject "FootballApp" */ = {
			isa = XCConfigurationList;
			buildConfigurations = (
				F16AB0D11C62358700D5D7E6 /* Debug */,
				F16AB0D21C62358700D5D7E6 /* Release */,
			);
			defaultConfigurationIsVisible = 0;
			defaultConfigurationName = Release;
		};
		F16AB0D31C62358700D5D7E6 /* Build configuration list for PBXNativeTarget "FootballApp" */ = {
			isa = XCConfigurationList;
			buildConfigurations = (
				F16AB0D41C62358700D5D7E6 /* Debug */,
				F16AB0D51C62358700D5D7E6 /* Release */,
			);
			defaultConfigurationIsVisible = 0;
			defaultConfigurationName = Release;
		};
/* End XCConfigurationList section */
	};
	rootObject = F16AB0B91C62358700D5D7E6 /* Project object */;
}
